
Microsoft Visual Studio Solution File, Format Version 12.00
# Visual Studio Version 17
VisualStudioVersion = 17.14.36221.1
MinimumVisualStudioVersion = 10.0.40219.1
Project("{FAE04EC0-301F-11D3-BF4B-00C04F79EFBC}") = "WebApplication1", "WebApplication1\WebApplication1.csproj", "{DB75631E-F4ED-4280-ADF0-8AA68C603701}"
EndProject
Project("{FAE04EC0-301F-11D3-BF4B-00C04F79EFBC}") = "ClassLibrary1.Domain", "ClassLibrary1.Domain\ClassLibrary1.Domain.csproj", "{959DBDB1-2174-4389-8832-242C754CC049}"
EndProject
Project("{FAE04EC0-301F-11D3-BF4B-00C04F79EFBC}") = "ClassLibrary1.Core", "ClassLibrary1.Core\ClassLibrary1.Core.csproj", "{3B478F89-52BC-466A-91CD-63835C8A4EBF}"
EndProject
Global
	GlobalSection(SolutionConfigurationPlatforms) = preSolution
		Debug|Any CPU = Debug|Any CPU
		Release|Any CPU = Release|Any CPU
	EndGlobalSection
	GlobalSection(ProjectConfigurationPlatforms) = postSolution
		{DB75631E-F4ED-4280-ADF0-8AA68C603701}.Debug|Any CPU.ActiveCfg = Debug|Any CPU
		{DB75631E-F4ED-4280-ADF0-8AA68C603701}.Debug|Any CPU.Build.0 = Debug|Any CPU
		{DB75631E-F4ED-4280-ADF0-8AA68C603701}.Release|Any CPU.ActiveCfg = Release|Any CPU
		{DB75631E-F4ED-4280-ADF0-8AA68C603701}.Release|Any CPU.Build.0 = Release|Any CPU
		{959DBDB1-2174-4389-8832-242C754CC049}.Debug|Any CPU.ActiveCfg = Debug|Any CPU
		{959DBDB1-2174-4389-8832-242C754CC049}.Debug|Any CPU.Build.0 = Debug|Any CPU
		{959DBDB1-2174-4389-8832-242C754CC049}.Release|Any CPU.ActiveCfg = Release|Any CPU
		{959DBDB1-2174-4389-8832-242C754CC049}.Release|Any CPU.Build.0 = Release|Any CPU
		{3B478F89-52BC-466A-91CD-63835C8A4EBF}.Debug|Any CPU.ActiveCfg = Debug|Any CPU
		{3B478F89-52BC-466A-91CD-63835C8A4EBF}.Debug|Any CPU.Build.0 = Debug|Any CPU
		{3B478F89-52BC-466A-91CD-63835C8A4EBF}.Release|Any CPU.ActiveCfg = Release|Any CPU
		{3B478F89-52BC-466A-91CD-63835C8A4EBF}.Release|Any CPU.Build.0 = Release|Any CPU
	EndGlobalSection
	GlobalSection(SolutionProperties) = preSolution
		HideSolutionNode = FALSE
	EndGlobalSection
	GlobalSection(ExtensibilityGlobals) = postSolution
		SolutionGuid = {CF533E16-A42C-49D0-81FA-525ECE05CDA2}
	EndGlobalSection
EndGlobal
